
Microsoft Visual Studio Solution File, Format Version 12.00
# Visual Studio Version 17
VisualStudioVersion = 17.4.33213.308
MinimumVisualStudioVersion = 10.0.40219.1
Project("{FAE04EC0-301F-11D3-BF4B-00C04F79EFBC}") = "Principal", "Practica1_BaseDeDatos\Principal.csproj", "{BF8D8B5D-51E0-4888-AC9B-75B650C0BEDB}"
EndProject
Project("{FAE04EC0-301F-11D3-BF4B-00C04F79EFBC}") = "Datos", "Backend\Datos.csproj", "{46AA45AA-AA03-4FBD-A630-85BC2D7E7A76}"
EndProject
Project("{FAE04EC0-301F-11D3-BF4B-00C04F79EFBC}") = "Modelos", "Modelos\Modelos.csproj", "{A8A5F224-DA84-48E1-9488-ECC834896316}"
EndProject
Global
	GlobalSection(SolutionConfigurationPlatforms) = preSolution
		Debug|Any CPU = Debug|Any CPU
		Release|Any CPU = Release|Any CPU
	EndGlobalSection
	GlobalSection(ProjectConfigurationPlatforms) = postSolution
		{BF8D8B5D-51E0-4888-AC9B-75B650C0BEDB}.Debug|Any CPU.ActiveCfg = Debug|Any CPU
		{BF8D8B5D-51E0-4888-AC9B-75B650C0BEDB}.Debug|Any CPU.Build.0 = Debug|Any CPU
		{BF8D8B5D-51E0-4888-AC9B-75B650C0BEDB}.Release|Any CPU.ActiveCfg = Release|Any CPU
		{BF8D8B5D-51E0-4888-AC9B-75B650C0BEDB}.Release|Any CPU.Build.0 = Release|Any CPU
		{46AA45AA-AA03-4FBD-A630-85BC2D7E7A76}.Debug|Any CPU.ActiveCfg = Debug|Any CPU
		{46AA45AA-AA03-4FBD-A630-85BC2D7E7A76}.Debug|Any CPU.Build.0 = Debug|Any CPU
		{46AA45AA-AA03-4FBD-A630-85BC2D7E7A76}.Release|Any CPU.ActiveCfg = Release|Any CPU
		{46AA45AA-AA03-4FBD-A630-85BC2D7E7A76}.Release|Any CPU.Build.0 = Release|Any CPU
		{A8A5F224-DA84-48E1-9488-ECC834896316}.Debug|Any CPU.ActiveCfg = Debug|Any CPU
		{A8A5F224-DA84-48E1-9488-ECC834896316}.Debug|Any CPU.Build.0 = Debug|Any CPU
		{A8A5F224-DA84-48E1-9488-ECC834896316}.Release|Any CPU.ActiveCfg = Release|Any CPU
		{A8A5F224-DA84-48E1-9488-ECC834896316}.Release|Any CPU.Build.0 = Release|Any CPU
	EndGlobalSection
	GlobalSection(SolutionProperties) = preSolution
		HideSolutionNode = FALSE
	EndGlobalSection
	GlobalSection(ExtensibilityGlobals) = postSolution
		SolutionGuid = {508F2AC8-637D-4BC4-A809-C89208044B27}
	EndGlobalSection
EndGlobal
